{
  "lockfile_version": "1",
  "packages": {
    "just@latest": {
      "last_modified": "2026-05-21T08:15:18Z",
      "resolved": "github:NixOS/nixpkgs/4a29d733e8a7d5b824c3d8c958a946a9867b3eb2#just",
      "source": "devbox-search",
      "version": "1.51.0",
      "systems": {
        "aarch64-darwin": {
          "outputs": [
            {
              "name": "out",
              "path": "/nix/store/18ml04rix1526kmcv5fcir6n7cb8lxyf-just-1.51.0",
              "default": true
            },
            {
              "name": "man",
              "path": "/nix/store/48iac05gjz4kjpx605hcgn95an8ary9q-just-1.51.0-man",
              "default": true
            },
            {
              "name": "doc",
              "path": "/nix/store/d0n7b7xd2miyja6m2nlzc2szj0gqzgxb-just-1.51.0-doc"
            }
          ],
          "store_path": "/nix/store/18ml04rix1526kmcv5fcir6n7cb8lxyf-just-1.51.0"
        },
        "aarch64-linux": {
          "outputs": [
            {
              "name": "out",
              "path": "/nix/store/6q8i59br2gzxnqax4dz3g1fmkwp2mfs2-just-1.51.0",
              "default": true
            },
            {
              "name": "man",
              "path": "/nix/store/8ygmlmpxmggc2wqbkz1yhf7fz5nwg084-just-1.51.0-man",
              "default": true
            },
            {
              "name": "doc",
              "path": "/nix/store/ppj3c78k6x3bql77f3mgrjjrxb2jjc0q-just-1.51.0-doc"
            }
          ],
          "store_path": "/nix/store/6q8i59br2gzxnqax4dz3g1fmkwp2mfs2-just-1.51.0"
        },
        "x86_64-darwin": {
          "outputs": [
            {
              "name": "out",
              "path": "/nix/store/7ppiil9ycr565vqgbc18x4rpgbfgcnzy-just-1.51.0",
              "default": true
            },
            {
              "name": "man",
              "path": "/nix/store/144wqvh3s441y05xvzn8m16rhcqbki7d-just-1.51.0-man",
              "default": true
            },
            {
              "name": "doc",
              "path": "/nix/store/x5g644hwbjdlij9w37gwgg1z1h4b6qqk-just-1.51.0-doc"
            }
          ],
          "store_path": "/nix/store/7ppiil9ycr565vqgbc18x4rpgbfgcnzy-just-1.51.0"
        },
        "x86_64-linux": {
          "outputs": [
            {
              "name": "out",
              "path": "/nix/store/3j32zmchv9wd60qng1mm04yj07wf04i8-just-1.51.0",
              "default": true
            },
            {
              "name": "man",
              "path": "/nix/store/p04vig0h2hj7hg5vgd74n5nphlcy23l8-just-1.51.0-man",
              "default": true
            },
            {
              "name": "doc",
              "path": "/nix/store/r800x8xppg70s00hw3h6x9cxpd6nh06y-just-1.51.0-doc"
            }
          ],
          "store_path": "/nix/store/3j32zmchv9wd60qng1mm04yj07wf04i8-just-1.51.0"
        }
      }
    },
    "markdownlint-cli@latest": {
      "last_modified": "2026-05-21T08:15:18Z",
      "resolved": "github:NixOS/nixpkgs/4a29d733e8a7d5b824c3d8c958a946a9867b3eb2#markdownlint-cli",
      "source": "devbox-search",
      "version": "0.48.0",
      "systems": {
        "aarch64-darwin": {
          "outputs": [
            {
              "name": "out",
              "path": "/nix/store/j3p42am9dcz8zm44hic71k1cdcffyd1a-markdownlint-cli-0.48.0",
              "default": true
            }
          ],
          "store_path": "/nix/store/j3p42am9dcz8zm44hic71k1cdcffyd1a-markdownlint-cli-0.48.0"
        },
        "aarch64-linux": {
          "outputs": [
            {
              "name": "out",
              "path": "/nix/store/f1zjqs6fsa76am4zziv75q9gxv2lqgf6-markdownlint-cli-0.48.0",
              "default": true
            }
          ],
          "store_path": "/nix/store/f1zjqs6fsa76am4zziv75q9gxv2lqgf6-markdownlint-cli-0.48.0"
        },
        "x86_64-darwin": {
          "outputs": [
            {
              "name": "out",
              "path": "/nix/store/ql50d70jz9r66a0ry0cgq8bjl1spd6zx-markdownlint-cli-0.48.0",
              "default": true
            }
          ],
          "store_path": "/nix/store/ql50d70jz9r66a0ry0cgq8bjl1spd6zx-markdownlint-cli-0.48.0"
        },
        "x86_64-linux": {
          "outputs": [
            {
              "name": "out",
              "path": "/nix/store/0rlnhilgb2h9vjr00i3vjmqvw885dwaq-markdownlint-cli-0.48.0",
              "default": true
            }
          ],
          "store_path": "/nix/store/0rlnhilgb2h9vjr00i3vjmqvw885dwaq-markdownlint-cli-0.48.0"
        }
      }
    },
    "mermaid-cli@latest": {
      "last_modified": "2026-05-29T05:01:12Z",
      "resolved": "github:NixOS/nixpkgs/e9a7635a57597d9754eccebdfc7045e6c8600e6b#mermaid-cli",
      "source": "devbox-search",
      "version": "11.12.0",
      "systems": {
        "aarch64-darwin": {
          "outputs": [
            {
              "name": "out",
              "path": "/nix/store/p3jccd7dy5zwxmbz0vzff1db34a2b3gd-mermaid-cli-11.12.0",
              "default": true
            }
          ],
          "store_path": "/nix/store/p3jccd7dy5zwxmbz0vzff1db34a2b3gd-mermaid-cli-11.12.0"
        },
        "aarch64-linux": {
          "outputs": [
            {
              "name": "out",
              "path": "/nix/store/bv85giqbvqii1dl3557g3zy20kfrlab3-mermaid-cli-11.12.0",
              "default": true
            }
          ],
          "store_path": "/nix/store/bv85giqbvqii1dl3557g3zy20kfrlab3-mermaid-cli-11.12.0"
        },
        "x86_64-darwin": {
          "outputs": [
            {
              "name": "out",
              "path": "/nix/store/7brdz3x0bfyws6c8s636qif1acyl6h21-mermaid-cli-11.12.0",
              "default": true
            }
          ],
          "store_path": "/nix/store/7brdz3x0bfyws6c8s636qif1acyl6h21-mermaid-cli-11.12.0"
        },
        "x86_64-linux": {
          "outputs": [
            {
              "name": "out",
              "path": "/nix/store/lfr73sd60g4hhnvqpzaixap83hf287x3-mermaid-cli-11.12.0",
              "default": true
            }
          ],
          "store_path": "/nix/store/lfr73sd60g4hhnvqpzaixap83hf287x3-mermaid-cli-11.12.0"
        }
      }
    },
    "presenterm@latest": {
      "last_modified": "2026-05-21T08:15:18Z",
      "resolved": "github:NixOS/nixpkgs/4a29d733e8a7d5b824c3d8c958a946a9867b3eb2#presenterm",
      "source": "devbox-search",
      "version": "0.16.1",
      "systems": {
        "aarch64-darwin": {
          "outputs": [
            {
              "name": "out",
              "path": "/nix/store/1aqc4z443m3nsx0655dg4acl1fbhy9wg-presenterm-0.16.1",
              "default": true
            }
          ],
          "store_path": "/nix/store/1aqc4z443m3nsx0655dg4acl1fbhy9wg-presenterm-0.16.1"
        },
        "aarch64-linux": {
          "outputs": [
            {
              "name": "out",
              "path": "/nix/store/6wc2s1n33mfghak1pymjaircrcjryrnl-presenterm-0.16.1",
              "default": true
            }
          ],
          "store_path": "/nix/store/6wc2s1n33mfghak1pymjaircrcjryrnl-presenterm-0.16.1"
        },
        "x86_64-darwin": {
          "outputs": [
            {
              "name": "out",
              "path": "/nix/store/zvam3jz5gmrvy52m1ksyhx7qlq92mhdc-presenterm-0.16.1",
              "default": true
            }
          ],
          "store_path": "/nix/store/zvam3jz5gmrvy52m1ksyhx7qlq92mhdc-presenterm-0.16.1"
        },
        "x86_64-linux": {
          "outputs": [
            {
              "name": "out",
              "path": "/nix/store/b22kn95d2gggkjdsq80b28z5123kvwpr-presenterm-0.16.1",
              "default": true
            }
          ],
          "store_path": "/nix/store/b22kn95d2gggkjdsq80b28z5123kvwpr-presenterm-0.16.1"
        }
      }
    },
    "ripgrep@latest": {
      "last_modified": "2026-05-21T08:15:18Z",
      "resolved": "github:NixOS/nixpkgs/4a29d733e8a7d5b824c3d8c958a946a9867b3eb2#ripgrep",
      "source": "devbox-search",
      "version": "15.1.0",
      "systems": {
        "aarch64-darwin": {
          "outputs": [
            {
              "name": "out",
              "path": "/nix/store/8k3a39k5wxvch0ir2lb1pskvwing02lq-ripgrep-15.1.0",
              "default": true
            }
          ],
          "store_path": "/nix/store/8k3a39k5wxvch0ir2lb1pskvwing02lq-ripgrep-15.1.0"
        },
        "aarch64-linux": {
          "outputs": [
            {
              "name": "out",
              "path": "/nix/store/ayxgmx0yf8mjfym3jprkkrjql1hyh8wy-ripgrep-15.1.0",
              "default": true
            }
          ],
          "store_path": "/nix/store/ayxgmx0yf8mjfym3jprkkrjql1hyh8wy-ripgrep-15.1.0"
        },
        "x86_64-darwin": {
          "outputs": [
            {
              "name": "out",
              "path": "/nix/store/ra0dsj16fbhgkymvpa84wvhbqdvw7lq7-ripgrep-15.1.0",
              "default": true
            }
          ],
          "store_path": "/nix/store/ra0dsj16fbhgkymvpa84wvhbqdvw7lq7-ripgrep-15.1.0"
        },
        "x86_64-linux": {
          "outputs": [
            {
              "name": "out",
              "path": "/nix/store/ixsp81bia5w1fqd2d59vwbcfqk3n5231-ripgrep-15.1.0",
              "default": true
            }
          ],
          "store_path": "/nix/store/ixsp81bia5w1fqd2d59vwbcfqk3n5231-ripgrep-15.1.0"
        }
      }
    }
  }
}
